
Microsoft Visual Studio Solution File, Format Version 11.00
# Visual Studio 2010
Project("{FAE04EC0-301F-11D3-BF4B-00C04F79EFBC}") = "Notifications", "Notifications.csproj", "{C80CDF6C-CE6D-4B55-97E0-497BC47797BF}"
EndProject
Project("{FAE04EC0-301F-11D3-BF4B-00C04F79EFBC}") = "NotificationWindowTap", "NotificationWindowTap\NotificationWindowTap.csproj", "{4FB0BD18-1201-41B7-AF93-CE92A1249746}"
EndProject
Global
	GlobalSection(SolutionConfigurationPlatforms) = preSolution
		Debug|iPhoneSimulator = Debug|iPhoneSimulator
		Release|iPhoneSimulator = Release|iPhoneSimulator
		Debug|iPhone = Debug|iPhone
		Release|iPhone = Release|iPhone
	EndGlobalSection
	GlobalSection(ProjectConfigurationPlatforms) = postSolution
		{4FB0BD18-1201-41B7-AF93-CE92A1249746}.Debug|iPhone.ActiveCfg = Debug|Any CPU
		{4FB0BD18-1201-41B7-AF93-CE92A1249746}.Debug|iPhone.Build.0 = Debug|Any CPU
		{4FB0BD18-1201-41B7-AF93-CE92A1249746}.Debug|iPhoneSimulator.ActiveCfg = Debug|Any CPU
		{4FB0BD18-1201-41B7-AF93-CE92A1249746}.Debug|iPhoneSimulator.Build.0 = Debug|Any CPU
		{4FB0BD18-1201-41B7-AF93-CE92A1249746}.Release|iPhone.ActiveCfg = Release|Any CPU
		{4FB0BD18-1201-41B7-AF93-CE92A1249746}.Release|iPhone.Build.0 = Release|Any CPU
		{4FB0BD18-1201-41B7-AF93-CE92A1249746}.Release|iPhoneSimulator.ActiveCfg = Release|Any CPU
		{4FB0BD18-1201-41B7-AF93-CE92A1249746}.Release|iPhoneSimulator.Build.0 = Release|Any CPU
		{C80CDF6C-CE6D-4B55-97E0-497BC47797BF}.Debug|iPhone.ActiveCfg = Debug|iPhone
		{C80CDF6C-CE6D-4B55-97E0-497BC47797BF}.Debug|iPhone.Build.0 = Debug|iPhone
		{C80CDF6C-CE6D-4B55-97E0-497BC47797BF}.Debug|iPhoneSimulator.ActiveCfg = Debug|iPhoneSimulator
		{C80CDF6C-CE6D-4B55-97E0-497BC47797BF}.Debug|iPhoneSimulator.Build.0 = Debug|iPhoneSimulator
		{C80CDF6C-CE6D-4B55-97E0-497BC47797BF}.Release|iPhone.ActiveCfg = Release|iPhone
		{C80CDF6C-CE6D-4B55-97E0-497BC47797BF}.Release|iPhone.Build.0 = Release|iPhone
		{C80CDF6C-CE6D-4B55-97E0-497BC47797BF}.Release|iPhoneSimulator.ActiveCfg = Release|iPhoneSimulator
		{C80CDF6C-CE6D-4B55-97E0-497BC47797BF}.Release|iPhoneSimulator.Build.0 = Release|iPhoneSimulator
	EndGlobalSection
	GlobalSection(MonoDevelopProperties) = preSolution
		StartupItem = Notifications\Notifications.csproj
	EndGlobalSection
EndGlobal
